{
	"name": "Decentralized_Cellular_Automata_over_IPFS",
	"version": "0.0.1",
	"lockfileVersion": 1,
	"requires": true,
	"dependencies": {
		"child_process": {
			"version": "1.0.2",
			"resolved": "https://registry.npmjs.org/child_process/-/child_process-1.0.2.tgz",
			"integrity": "sha1-sffn/HPSXn/R1FWtyU4UODAYK1o="
		},
		"http": {
			"version": "0.0.1-security",
			"resolved": "https://registry.npmjs.org/http/-/http-0.0.1-security.tgz",
			"integrity": "sha512-RnDvP10Ty9FxqOtPZuxtebw1j4L/WiqNMDtuc1YMH1XQm5TgDRaR1G9u8upL6KD1bXHSp9eSXo/ED+8Q7FAr+g=="
		},
		"os": {
			"version": "0.1.2",
			"resolved": "https://registry.npmjs.org/os/-/os-0.1.2.tgz",
			"integrity": "sha512-ZoXJkvAnljwvc56MbvhtKVWmSkzV712k42Is2mA0+0KTSRakq5XXuXpjZjgAt9ctzl51ojhQWakQQpmOvXWfjQ=="
		},
		"ws": {
			"version": "7.5.3",
			"resolved": "https://registry.npmjs.org/ws/-/ws-7.5.3.tgz",
			"integrity": "sha512-kQ/dHIzuLrS6Je9+uv81ueZomEwH0qVYstcAQ4/Z93K8zeko9gtAbttJWzoC5ukqXY1PpoouV3+VSOqEAFt5wg=="
		}
	}
}
